// !$*UTF8*$!
{
	archiveVersion = 1;
	classes = {
	};
	objectVersion = 46;
	objects = {

/* Begin PBXBuildFile section */
		DBAB36A11D6649A700185618 /* AppDelegate.swift in Sources */ = {isa = PBXBuildFile; fileRef = DBAB36A01D6649A700185618 /* AppDelegate.swift */; };
		DBAB36A31D6649A700185618 /* ViewController.swift in Sources */ = {isa = PBXBuildFile; fileRef = DBAB36A21D6649A700185618 /* ViewController.swift */; };
		DBAB36A61D6649A700185618 /* Main.storyboard in Resources */ = {isa = PBXBuildFile; fileRef = DBAB36A41D6649A700185618 /* Main.storyboard */; };
		DBAB36A81D6649A700185618 /* Assets.xcassets in Resources */ = {isa = PBXBuildFile; fileRef = DBAB36A71D6649A700185618 /* Assets.xcassets */; };
		DBAB36AB1D6649A700185618 /* LaunchScreen.storyboard in Resources */ = {isa = PBXBuildFile; fileRef = DBAB36A91D6649A700185618 /* LaunchScreen.storyboard */; };
		DBAB36B61D6649A700185618 /* BowlingGameTests.swift in Sources */ = {isa = PBXBuildFile; fileRef = DBAB36B51D6649A700185618 /* BowlingGameTests.swift */; };
		DBAB36C11D664A0000185618 /* BowlingGame.swift in Sources */ = {isa = PBXBuildFile; fileRef = DBAB36C01D664A0000185618 /* BowlingGame.swift */; };
/* End PBXBuildFile section */

/* Begin PBXContainerItemProxy section */
		DBAB36B21D6649A700185618 /* PBXContainerItemProxy */ = {
			isa = PBXContainerItemProxy;
			containerPortal = DBAB36951D6649A600185618 /* Project object */;
			proxyType = 1;
			remoteGlobalIDString = DBAB369C1D6649A600185618;
			remoteInfo = BowlingGame;
		};
/* End PBXContainerItemProxy section */

/* Begin PBXFileReference section */
		DBAB369D1D6649A700185618 /* BowlingGame.app */ = {isa = PBXFileReference; explicitFileType = wrapper.application; includeInIndex = 0; path = BowlingGame.app; sourceTree = BUILT_PRODUCTS_DIR; };
		DBAB36A01D6649A700185618 /* AppDelegate.swift */ = {isa = PBXFileReference; lastKnownFileType = sourcecode.swift; path = AppDelegate.swift; sourceTree = "<group>"; };
		DBAB36A21D6649A700185618 /* ViewController.swift */ = {isa = PBXFileReference; lastKnownFileType = sourcecode.swift; path = ViewController.swift; sourceTree = "<group>"; };
		DBAB36A51D6649A700185618 /* Base */ = {isa = PBXFileReference; lastKnownFileType = file.storyboard; name = Base; path = Base.lproj/Main.storyboard; sourceTree = "<group>"; };
		DBAB36A71D6649A700185618 /* Assets.xcassets */ = {isa = PBXFileReference; lastKnownFileType = folder.assetcatalog; path = Assets.xcassets; sourceTree = "<group>"; };
		DBAB36AA1D6649A700185618 /* Base */ = {isa = PBXFileReference; lastKnownFileType = file.storyboard; name = Base; path = Base.lproj/LaunchScreen.storyboard; sourceTree = "<group>"; };
		DBAB36AC1D6649A700185618 /* Info.plist */ = {isa = PBXFileReference; lastKnownFileType = text.plist.xml; path = Info.plist; sourceTree = "<group>"; };
		DBAB36B11D6649A700185618 /* BowlingGameTests.xctest */ = {isa = PBXFileReference; explicitFileType = wrapper.cfbundle; includeInIndex = 0; path = BowlingGameTests.xctest; sourceTree = BUILT_PRODUCTS_DIR; };
		DBAB36B51D6649A700185618 /* BowlingGameTests.swift */ = {isa = PBXFileReference; lastKnownFileType = sourcecode.swift; path = BowlingGameTests.swift; sourceTree = "<group>"; };
		DBAB36B71D6649A700185618 /* Info.plist */ = {isa = PBXFileReference; lastKnownFileType = text.plist.xml; path = Info.plist; sourceTree = "<group>"; };
		DBAB36C01D664A0000185618 /* BowlingGame.swift */ = {isa = PBXFileReference; fileEncoding = 4; lastKnownFileType = sourcecode.swift; name = BowlingGame.swift; path = BowlingGame/BowlingGame.swift; sourceTree = SOURCE_ROOT; };
/* End PBXFileReference section */

/* Begin PBXFrameworksBuildPhase section */
		DBAB369A1D6649A600185618 /* Frameworks */ = {
			isa = PBXFrameworksBuildPhase;
			buildActionMask = 2147483647;
			files = (
			);
			runOnlyForDeploymentPostprocessing = 0;
		};
		DBAB36AE1D6649A700185618 /* Frameworks */ = {
			isa = PBXFrameworksBuildPhase;
			buildActionMask = 2147483647;
			files = (
			);
			runOnlyForDeploymentPostprocessing = 0;
		};
/* End PBXFrameworksBuildPhase section */

/* Begin PBXGroup section */
		DBAB36941D6649A600185618 = {
			isa = PBXGroup;
			children = (
				DBAB369F1D6649A700185618 /* BowlingGame */,
				DBAB36B41D6649A700185618 /* BowlingGameTests */,
				DBAB369E1D6649A700185618 /* Products */,
			);
			sourceTree = "<group>";
		};
		DBAB369E1D6649A700185618 /* Products */ = {
			isa = PBXGroup;
			children = (
				DBAB369D1D6649A700185618 /* BowlingGame.app */,
				DBAB36B11D6649A700185618 /* BowlingGameTests.xctest */,
			);
			name = Products;
			sourceTree = "<group>";
		};
		DBAB369F1D6649A700185618 /* BowlingGame */ = {
			isa = PBXGroup;
			children = (
				DBAB36A01D6649A700185618 /* AppDelegate.swift */,
				DBAB36A21D6649A700185618 /* ViewController.swift */,
				DBAB36C01D664A0000185618 /* BowlingGame.swift */,
				DBAB36A41D6649A700185618 /* Main.storyboard */,
				DBAB36A71D6649A700185618 /* Assets.xcassets */,
				DBAB36A91D6649A700185618 /* LaunchScreen.storyboard */,
				DBAB36AC1D6649A700185618 /* Info.plist */,
			);
			path = BowlingGame;
			sourceTree = "<group>";
		};
		DBAB36B41D6649A700185618 /* BowlingGameTests */ = {
			isa = PBXGroup;
			children = (
				DBAB36B51D6649A700185618 /* BowlingGameTests.swift */,
				DBAB36B71D6649A700185618 /* Info.plist */,
			);
			path = BowlingGameTests;
			sourceTree = "<group>";
		};
/* End PBXGroup section */

/* Begin PBXNativeTarget section */
		DBAB369C1D6649A600185618 /* BowlingGame */ = {
			isa = PBXNativeTarget;
			buildConfigurationList = DBAB36BA1D6649A700185618 /* Build configuration list for PBXNativeTarget "BowlingGame" */;
			buildPhases = (
				DBAB36991D6649A600185618 /* Sources */,
				DBAB369A1D6649A600185618 /* Frameworks */,
				DBAB369B1D6649A600185618 /* Resources */,
			);
			buildRules = (
			);
			dependencies = (
			);
			name = BowlingGame;
			productName = BowlingGame;
			productReference = DBAB369D1D6649A700185618 /* BowlingGame.app */;
			productType = "com.apple.product-type.application";
		};
		DBAB36B01D6649A700185618 /* BowlingGameTests */ = {
			isa = PBXNativeTarget;
			buildConfigurationList = DBAB36BD1D6649A700185618 /* Build configuration list for PBXNativeTarget "BowlingGameTests" */;
			buildPhases = (
				DBAB36AD1D6649A700185618 /* Sources */,
				DBAB36AE1D6649A700185618 /* Frameworks */,
				DBAB36AF1D6649A700185618 /* Resources */,
			);
			buildRules = (
			);
			dependencies = (
				DBAB36B31D6649A700185618 /* PBXTargetDependency */,
			);
			name = BowlingGameTests;
			productName = BowlingGameTests;
			productReference = DBAB36B11D6649A700185618 /* BowlingGameTests.xctest */;
			productType = "com.apple.product-type.bundle.unit-test";
		};
/* End PBXNativeTarget section */

/* Begin PBXProject section */
		DBAB36951D6649A600185618 /* Project object */ = {
			isa = PBXProject;
			attributes = {
				LastSwiftUpdateCheck = 0730;
				LastUpgradeCheck = 0730;
				ORGANIZATIONNAME = "Yemi Ajibola";
				TargetAttributes = {
					DBAB369C1D6649A600185618 = {
						CreatedOnToolsVersion = 7.3;
					};
					DBAB36B01D6649A700185618 = {
						CreatedOnToolsVersion = 7.3;
						TestTargetID = DBAB369C1D6649A600185618;
					};
				};
			};
			buildConfigurationList = DBAB36981D6649A600185618 /* Build configuration list for PBXProject "BowlingGame" */;
			compatibilityVersion = "Xcode 3.2";
			developmentRegion = English;
			hasScannedForEncodings = 0;
			knownRegions = (
				en,
				Base,
			);
			mainGroup = DBAB36941D6649A600185618;
			productRefGroup = DBAB369E1D6649A700185618 /* Products */;
			projectDirPath = "";
			projectRoot = "";
			targets = (
				DBAB369C1D6649A600185618 /* BowlingGame */,
				DBAB36B01D6649A700185618 /* BowlingGameTests */,
			);
		};
/* End PBXProject section */

/* Begin PBXResourcesBuildPhase section */
		DBAB369B1D6649A600185618 /* Resources */ = {
			isa = PBXResourcesBuildPhase;
			buildActionMask = 2147483647;
			files = (
				DBAB36AB1D6649A700185618 /* LaunchScreen.storyboard in Resources */,
				DBAB36A81D6649A700185618 /* Assets.xcassets in Resources */,
				DBAB36A61D6649A700185618 /* Main.storyboard in Resources */,
			);
			runOnlyForDeploymentPostprocessing = 0;
		};
		DBAB36AF1D6649A700185618 /* Resources */ = {
			isa = PBXResourcesBuildPhase;
			buildActionMask = 2147483647;
			files = (
			);
			runOnlyForDeploymentPostprocessing = 0;
		};
/* End PBXResourcesBuildPhase section */

/* Begin PBXSourcesBuildPhase section */
		DBAB36991D6649A600185618 /* Sources */ = {
			isa = PBXSourcesBuildPhase;
			buildActionMask = 2147483647;
			files = (
				DBAB36A31D6649A700185618 /* ViewController.swift in Sources */,
				DBAB36A11D6649A700185618 /* AppDelegate.swift in Sources */,
			);
			runOnlyForDeploymentPostprocessing = 0;
		};
		DBAB36AD1D6649A700185618 /* Sources */ = {
			isa = PBXSourcesBuildPhase;
			buildActionMask = 2147483647;
			files = (
				DBAB36C11D664A0000185618 /* BowlingGame.swift in Sources */,
				DBAB36B61D6649A700185618 /* BowlingGameTests.swift in Sources */,
			);
			runOnlyForDeploymentPostprocessing = 0;
		};
/* End PBXSourcesBuildPhase section */

/* Begin PBXTargetDependency section */
		DBAB36B31D6649A700185618 /* PBXTargetDependency */ = {
			isa = PBXTargetDependency;
			target = DBAB369C1D6649A600185618 /* BowlingGame */;
			targetProxy = DBAB36B21D6649A700185618 /* PBXContainerItemProxy */;
		};
/* End PBXTargetDependency section */

/* Begin PBXVariantGroup section */
		DBAB36A41D6649A700185618 /* Main.storyboard */ = {
			isa = PBXVariantGroup;
			children = (
				DBAB36A51D6649A700185618 /* Base */,
			);
			name = Main.storyboard;
			sourceTree = "<group>";
		};
		DBAB36A91D6649A700185618 /* LaunchScreen.storyboard */ = {
			isa = PBXVariantGroup;
			children = (
				DBAB36AA1D6649A700185618 /* Base */,
			);
			name = LaunchScreen.storyboard;
			sourceTree = "<group>";
		};
/* End PBXVariantGroup section */

/* Begin XCBuildConfiguration section */
		DBAB36B81D6649A700185618 /* Debug */ = {
			isa = XCBuildConfiguration;
			buildSettings = {
				ALWAYS_SEARCH_USER_PATHS = NO;
				CLANG_ANALYZER_NONNULL = YES;
				CLANG_CXX_LANGUAGE_STANDARD = "gnu++0x";
				CLANG_CXX_LIBRARY = "libc++";
				CLANG_ENABLE_MODULES = YES;
				CLANG_ENABLE_OBJC_ARC = YES;
				CLANG_WARN_BOOL_CONVERSION = YES;
				CLANG_WARN_CONSTANT_CONVERSION = YES;
				CLANG_WARN_DIRECT_OBJC_ISA_USAGE = YES_ERROR;
				CLANG_WARN_EMPTY_BODY = YES;
				CLANG_WARN_ENUM_CONVERSION = YES;
				CLANG_WARN_INT_CONVERSION = YES;
				CLANG_WARN_OBJC_ROOT_CLASS = YES_ERROR;
				CLANG_WARN_UNREACHABLE_CODE = YES;
				CLANG_WARN__DUPLICATE_METHOD_MATCH = YES;
				"CODE_SIGN_IDENTITY[sdk=iphoneos*]" = "iPhone Developer";
				COPY_PHASE_STRIP = NO;
				DEBUG_INFORMATION_FORMAT = dwarf;
				ENABLE_STRICT_OBJC_MSGSEND = YES;
				ENABLE_TESTABILITY = YES;
				GCC_C_LANGUAGE_STANDARD = gnu99;
				GCC_DYNAMIC_NO_PIC = NO;
				GCC_NO_COMMON_BLOCKS = YES;
				GCC_OPTIMIZATION_LEVEL = 0;
				GCC_PREPROCESSOR_DEFINITIONS = (
					"DEBUG=1",
					"$(inherited)",
				);
				GCC_WARN_64_TO_32_BIT_CONVERSION = YES;
				GCC_WARN_ABOUT_RETURN_TYPE = YES_ERROR;
				GCC_WARN_UNDECLARED_SELECTOR = YES;
				GCC_WARN_UNINITIALIZED_AUTOS = YES_AGGRESSIVE;
				GCC_WARN_UNUSED_FUNCTION = YES;
				GCC_WARN_UNUSED_VARIABLE = YES;
				IPHONEOS_DEPLOYMENT_TARGET = 9.3;
				MTL_ENABLE_DEBUG_INFO = YES;
				ONLY_ACTIVE_ARCH = YES;
				SDKROOT = iphoneos;
				SWIFT_OPTIMIZATION_LEVEL = "-Onone";
			};
			name = Debug;
		};
		DBAB36B91D6649A700185618 /* Release */ = {
			isa = XCBuildConfiguration;
			buildSettings = {
				ALWAYS_SEARCH_USER_PATHS = NO;
				CLANG_ANALYZER_NONNULL = YES;
				CLANG_CXX_LANGUAGE_STANDARD = "gnu++0x";
				CLANG_CXX_LIBRARY = "libc++";
				CLANG_ENABLE_MODULES = YES;
				CLANG_ENABLE_OBJC_ARC = YES;
				CLANG_WARN_BOOL_CONVERSION = YES;
				CLANG_WARN_CONSTANT_CONVERSION = YES;
				CLANG_WARN_DIRECT_OBJC_ISA_USAGE = YES_ERROR;
				CLANG_WARN_EMPTY_BODY = YES;
				CLANG_WARN_ENUM_CONVERSION = YES;
				CLANG_WARN_INT_CONVERSION = YES;
				CLANG_WARN_OBJC_ROOT_CLASS = YES_ERROR;
				CLANG_WARN_UNREACHABLE_CODE = YES;
				CLANG_WARN__DUPLICATE_METHOD_MATCH = YES;
				"CODE_SIGN_IDENTITY[sdk=iphoneos*]" = "iPhone Developer";
				COPY_PHASE_STRIP = NO;
				DEBUG_INFORMATION_FORMAT = "dwarf-with-dsym";
				ENABLE_NS_ASSERTIONS = NO;
				ENABLE_STRICT_OBJC_MSGSEND = YES;
				GCC_C_LANGUAGE_STANDARD = gnu99;
				GCC_NO_COMMON_BLOCKS = YES;
				GCC_WARN_64_TO_32_BIT_CONVERSION = YES;
				GCC_WARN_ABOUT_RETURN_TYPE = YES_ERROR;
				GCC_WARN_UNDECLARED_SELECTOR = YES;
				GCC_WARN_UNINITIALIZED_AUTOS = YES_AGGRESSIVE;
				GCC_WARN_UNUSED_FUNCTION = YES;
				GCC_WARN_UNUSED_VARIABLE = YES;
				IPHONEOS_DEPLOYMENT_TARGET = 9.3;
				MTL_ENABLE_DEBUG_INFO = NO;
				SDKROOT = iphoneos;
				VALIDATE_PRODUCT = YES;
			};
			name = Release;
		};
		DBAB36BB1D6649A700185618 /* Debug */ = {
			isa = XCBuildConfiguration;
			buildSettings = {
				ASSETCATALOG_COMPILER_APPICON_NAME = AppIcon;
				INFOPLIST_FILE = BowlingGame/Info.plist;
				LD_RUNPATH_SEARCH_PATHS = "$(inherited) @executable_path/Frameworks";
				PRODUCT_BUNDLE_IDENTIFIER = com.YemiAjibola.BowlingGame;
				PRODUCT_NAME = "$(TARGET_NAME)";
			};
			name = Debug;
		};
		DBAB36BC1D6649A700185618 /* Release */ = {
			isa = XCBuildConfiguration;
			buildSettings = {
				ASSETCATALOG_COMPILER_APPICON_NAME = AppIcon;
				INFOPLIST_FILE = BowlingGame/Info.plist;
				LD_RUNPATH_SEARCH_PATHS = "$(inherited) @executable_path/Frameworks";
				PRODUCT_BUNDLE_IDENTIFIER = com.YemiAjibola.BowlingGame;
				PRODUCT_NAME = "$(TARGET_NAME)";
			};
			name = Release;
		};
		DBAB36BE1D6649A700185618 /* Debug */ = {
			isa = XCBuildConfiguration;
			buildSettings = {
				BUNDLE_LOADER = "$(TEST_HOST)";
				INFOPLIST_FILE = BowlingGameTests/Info.plist;
				LD_RUNPATH_SEARCH_PATHS = "$(inherited) @executable_path/Frameworks @loader_path/Frameworks";
				PRODUCT_BUNDLE_IDENTIFIER = com.YemiAjibola.BowlingGameTests;
				PRODUCT_NAME = "$(TARGET_NAME)";
				TEST_HOST = "$(BUILT_PRODUCTS_DIR)/BowlingGame.app/BowlingGame";
			};
			name = Debug;
		};
		DBAB36BF1D6649A700185618 /* Release */ = {
			isa = XCBuildConfiguration;
			buildSettings = {
				BUNDLE_LOADER = "$(TEST_HOST)";
				INFOPLIST_FILE = BowlingGameTests/Info.plist;
				LD_RUNPATH_SEARCH_PATHS = "$(inherited) @executable_path/Frameworks @loader_path/Frameworks";
				PRODUCT_BUNDLE_IDENTIFIER = com.YemiAjibola.BowlingGameTests;
				PRODUCT_NAME = "$(TARGET_NAME)";
				TEST_HOST = "$(BUILT_PRODUCTS_DIR)/BowlingGame.app/BowlingGame";
			};
			name = Release;
		};
/* End XCBuildConfiguration section */

/* Begin XCConfigurationList section */
		DBAB36981D6649A600185618 /* Build configuration list for PBXProject "BowlingGame" */ = {
			isa = XCConfigurationList;
			buildConfigurations = (
				DBAB36B81D6649A700185618 /* Debug */,
				DBAB36B91D6649A700185618 /* Release */,
			);
			defaultConfigurationIsVisible = 0;
			defaultConfigurationName = Release;
		};
		DBAB36BA1D6649A700185618 /* Build configuration list for PBXNativeTarget "BowlingGame" */ = {
			isa = XCConfigurationList;
			buildConfigurations = (
				DBAB36BB1D6649A700185618 /* Debug */,
				DBAB36BC1D6649A700185618 /* Release */,
			);
			defaultConfigurationIsVisible = 0;
		};
		DBAB36BD1D6649A700185618 /* Build configuration list for PBXNativeTarget "BowlingGameTests" */ = {
			isa = XCConfigurationList;
			buildConfigurations = (
				DBAB36BE1D6649A700185618 /* Debug */,
				DBAB36BF1D6649A700185618 /* Release */,
			);
			defaultConfigurationIsVisible = 0;
		};
/* End XCConfigurationList section */
	};
	rootObject = DBAB36951D6649A600185618 /* Project object */;
}
